
Microsoft Visual Studio Solution File, Format Version 12.00
# Visual Studio Version 17
VisualStudioVersion = 17.0.31903.59
MinimumVisualStudioVersion = 10.0.40219.1
Project("{FAE04EC0-301F-11D3-BF4B-00C04F79EFBC}") = "FactorialService", "FactorialService\FactorialService.csproj", "{2EE695CF-8692-4D80-A10B-E8864CDB1A59}"
EndProject
Project("{FAE04EC0-301F-11D3-BF4B-00C04F79EFBC}") = "FactorialService.Tests", "FactorialService.Tests\FactorialService.Tests.csproj", "{9C2CCFE3-1752-4124-99D3-A080EA1F82B7}"
EndProject
Global
	GlobalSection(SolutionConfigurationPlatforms) = preSolution
		Debug|Any CPU = Debug|Any CPU
		Release|Any CPU = Release|Any CPU
	EndGlobalSection
	GlobalSection(SolutionProperties) = preSolution
		HideSolutionNode = FALSE
	EndGlobalSection
	GlobalSection(ProjectConfigurationPlatforms) = postSolution
		{2EE695CF-8692-4D80-A10B-E8864CDB1A59}.Debug|Any CPU.ActiveCfg = Debug|Any CPU
		{2EE695CF-8692-4D80-A10B-E8864CDB1A59}.Debug|Any CPU.Build.0 = Debug|Any CPU
		{2EE695CF-8692-4D80-A10B-E8864CDB1A59}.Release|Any CPU.ActiveCfg = Release|Any CPU
		{2EE695CF-8692-4D80-A10B-E8864CDB1A59}.Release|Any CPU.Build.0 = Release|Any CPU
		{9C2CCFE3-1752-4124-99D3-A080EA1F82B7}.Debug|Any CPU.ActiveCfg = Debug|Any CPU
		{9C2CCFE3-1752-4124-99D3-A080EA1F82B7}.Debug|Any CPU.Build.0 = Debug|Any CPU
		{9C2CCFE3-1752-4124-99D3-A080EA1F82B7}.Release|Any CPU.ActiveCfg = Release|Any CPU
		{9C2CCFE3-1752-4124-99D3-A080EA1F82B7}.Release|Any CPU.Build.0 = Release|Any CPU
	EndGlobalSection
EndGlobal
